# This file is autogenerated, do not edit; changes may be undone by the next 'dep ensure'.


[[projects]]
  digest = "1:cbee04075c0544290eec5c3fb0d88d34dd29a22dbf9b7ad8cb34512932e48caa"
  name = "baliance.com/gooxml"
  packages = [
    ".",
    "algo",
    "color",
    "common",
    "document",
    "measurement",
    "schema/soo/dml",
    "schema/soo/dml/picture",
    "schema/soo/ofc/docPropsVTypes",
    "schema/soo/ofc/extended_properties",
    "schema/soo/ofc/math",
    "schema/soo/ofc/sharedTypes",
    "schema/soo/pkg/content_types",
    "schema/soo/pkg/metadata/core_properties",
    "schema/soo/pkg/relationships",
    "schema/soo/schemaLibrary",
    "schema/soo/wml",
    "zippkg",
  ]
  pruneopts = "UT"
  revision = "a367a88248a672e25c75a001834cbe1cad690df1"
  version = "v1.0.1"

[solve-meta]
  analyzer-name = "dep"
  analyzer-version = 1
  input-imports = ["baliance.com/gooxml/document"]
  solver-name = "gps-cdcl"
  solver-version = 1
